{
  "name": "polytechniques-polymer-discovery",
  "lockfileVersion": 3,
  "requires": true,
  "packages": {
    "": {
      "name": "polytechniques-polymer-discovery",
      "dependencies": {
        "openchemlib": "^8.11.0"
      }
    },
    "node_modules/openchemlib": {
      "version": "8.21.0",
      "resolved": "https://registry.npmjs.org/openchemlib/-/openchemlib-8.21.0.tgz",
      "integrity": "sha512-Zs/eooebed/gI7IeoQWW7CrziC0dfpQQVM3UfbW5iqQToKYx41EsF/Mse3D+jhXec3nzoCk2GTl/NbCOQRYt0g==",
      "license": "BSD-3-Clause"
    }
  }
}
